
Microsoft Visual Studio Solution File, Format Version 12.00
# Visual Studio Version 16
VisualStudioVersion = 16.0.29920.165
MinimumVisualStudioVersion = 10.0.40219.1
Project("{FAE04EC0-301F-11D3-BF4B-00C04F79EFBC}") = "MiCalculadora", "MiCalculadora\MiCalculadora.csproj", "{2341D247-D1EB-45F0-A625-E1DC0F4D614E}"
EndProject
Global
	GlobalSection(SolutionConfigurationPlatforms) = preSolution
		Debug|Any CPU = Debug|Any CPU
		Release|Any CPU = Release|Any CPU
	EndGlobalSection
	GlobalSection(ProjectConfigurationPlatforms) = postSolution
		{2341D247-D1EB-45F0-A625-E1DC0F4D614E}.Debug|Any CPU.ActiveCfg = Debug|Any CPU
		{2341D247-D1EB-45F0-A625-E1DC0F4D614E}.Debug|Any CPU.Build.0 = Debug|Any CPU
		{2341D247-D1EB-45F0-A625-E1DC0F4D614E}.Release|Any CPU.ActiveCfg = Release|Any CPU
		{2341D247-D1EB-45F0-A625-E1DC0F4D614E}.Release|Any CPU.Build.0 = Release|Any CPU
	EndGlobalSection
	GlobalSection(SolutionProperties) = preSolution
		HideSolutionNode = FALSE
	EndGlobalSection
	GlobalSection(ExtensibilityGlobals) = postSolution
		SolutionGuid = {4F7B3DBE-4837-4CD6-9579-C0F2DB39097C}
	EndGlobalSection
EndGlobal
